// !$*UTF8*$!
{
	archiveVersion = 1;
	classes = {
	};
	objectVersion = 56;
	objects = {

/* Begin PBXBuildFile section */
		B3E45A712974C16000AB83E7 /* TwitterFeeling.mlmodel in Sources */ = {isa = PBXBuildFile; fileRef = B3E45A702974C16000AB83E7 /* TwitterFeeling.mlmodel */; };
		B3E6346E2974B4A80008F693 /* AppDelegate.swift in Sources */ = {isa = PBXBuildFile; fileRef = B3E6346D2974B4A80008F693 /* AppDelegate.swift */; };
		B3E634702974B4A80008F693 /* SceneDelegate.swift in Sources */ = {isa = PBXBuildFile; fileRef = B3E6346F2974B4A80008F693 /* SceneDelegate.swift */; };
		B3E634722974B4A80008F693 /* ViewController.swift in Sources */ = {isa = PBXBuildFile; fileRef = B3E634712974B4A80008F693 /* ViewController.swift */; };
		B3E634752974B4A80008F693 /* Main.storyboard in Resources */ = {isa = PBXBuildFile; fileRef = B3E634732974B4A80008F693 /* Main.storyboard */; };
		B3E634772974B4A90008F693 /* Assets.xcassets in Resources */ = {isa = PBXBuildFile; fileRef = B3E634762974B4A90008F693 /* Assets.xcassets */; };
		B3E6347A2974B4A90008F693 /* LaunchScreen.storyboard in Resources */ = {isa = PBXBuildFile; fileRef = B3E634782974B4A90008F693 /* LaunchScreen.storyboard */; };
/* End PBXBuildFile section */

/* Begin PBXFileReference section */
		B3E45A702974C16000AB83E7 /* TwitterFeeling.mlmodel */ = {isa = PBXFileReference; lastKnownFileType = file.mlmodel; path = TwitterFeeling.mlmodel; sourceTree = "<group>"; };
		B3E6346A2974B4A80008F693 /* TwitterFeelings.app */ = {isa = PBXFileReference; explicitFileType = wrapper.application; includeInIndex = 0; path = TwitterFeelings.app; sourceTree = BUILT_PRODUCTS_DIR; };
		B3E6346D2974B4A80008F693 /* AppDelegate.swift */ = {isa = PBXFileReference; lastKnownFileType = sourcecode.swift; path = AppDelegate.swift; sourceTree = "<group>"; };
		B3E6346F2974B4A80008F693 /* SceneDelegate.swift */ = {isa = PBXFileReference; lastKnownFileType = sourcecode.swift; path = SceneDelegate.swift; sourceTree = "<group>"; };
		B3E634712974B4A80008F693 /* ViewController.swift */ = {isa = PBXFileReference; lastKnownFileType = sourcecode.swift; path = ViewController.swift; sourceTree = "<group>"; };
		B3E634742974B4A80008F693 /* Base */ = {isa = PBXFileReference; lastKnownFileType = file.storyboard; name = Base; path = Base.lproj/Main.storyboard; sourceTree = "<group>"; };
		B3E634762974B4A90008F693 /* Assets.xcassets */ = {isa = PBXFileReference; lastKnownFileType = folder.assetcatalog; path = Assets.xcassets; sourceTree = "<group>"; };
		B3E634792974B4A90008F693 /* Base */ = {isa = PBXFileReference; lastKnownFileType = file.storyboard; name = Base; path = Base.lproj/LaunchScreen.storyboard; sourceTree = "<group>"; };
		B3E6347B2974B4A90008F693 /* Info.plist */ = {isa = PBXFileReference; lastKnownFileType = text.plist.xml; path = Info.plist; sourceTree = "<group>"; };
/* End PBXFileReference section */

/* Begin PBXFrameworksBuildPhase section */
		B3E634672974B4A80008F693 /* Frameworks */ = {
			isa = PBXFrameworksBuildPhase;
			buildActionMask = 2147483647;
			files = (
			);
			runOnlyForDeploymentPostprocessing = 0;
		};
/* End PBXFrameworksBuildPhase section */

/* Begin PBXGroup section */
		B3E634612974B4A80008F693 = {
			isa = PBXGroup;
			children = (
				B3E6346C2974B4A80008F693 /* TwitterFeelings */,
				B3E6346B2974B4A80008F693 /* Products */,
			);
			sourceTree = "<group>";
		};
		B3E6346B2974B4A80008F693 /* Products */ = {
			isa = PBXGroup;
			children = (
				B3E6346A2974B4A80008F693 /* TwitterFeelings.app */,
			);
			name = Products;
			sourceTree = "<group>";
		};
		B3E6346C2974B4A80008F693 /* TwitterFeelings */ = {
			isa = PBXGroup;
			children = (
				B3E45A702974C16000AB83E7 /* TwitterFeeling.mlmodel */,
				B3E6347B2974B4A90008F693 /* Info.plist */,
				B3E6346D2974B4A80008F693 /* AppDelegate.swift */,
				B3E6346F2974B4A80008F693 /* SceneDelegate.swift */,
				B3E634842974B4C60008F693 /* Controllers */,
				B3E634812974B4B10008F693 /* Supporting Files */,
				B3E634822974B4B80008F693 /* Views */,
			);
			path = TwitterFeelings;
			sourceTree = "<group>";
		};
		B3E634812974B4B10008F693 /* Supporting Files */ = {
			isa = PBXGroup;
			children = (
				B3E634762974B4A90008F693 /* Assets.xcassets */,
				B3E634782974B4A90008F693 /* LaunchScreen.storyboard */,
			);
			path = "Supporting Files";
			sourceTree = "<group>";
		};
		B3E634822974B4B80008F693 /* Views */ = {
			isa = PBXGroup;
			children = (
				B3E634732974B4A80008F693 /* Main.storyboard */,
			);
			path = Views;
			sourceTree = "<group>";
		};
		B3E634842974B4C60008F693 /* Controllers */ = {
			isa = PBXGroup;
			children = (
				B3E634712974B4A80008F693 /* ViewController.swift */,
			);
			path = Controllers;
			sourceTree = "<group>";
		};
/* End PBXGroup section */

/* Begin PBXNativeTarget section */
		B3E634692974B4A80008F693 /* TwitterFeelings */ = {
			isa = PBXNativeTarget;
			buildConfigurationList = B3E6347E2974B4A90008F693 /* Build configuration list for PBXNativeTarget "TwitterFeelings" */;
			buildPhases = (
				B3E634662974B4A80008F693 /* Sources */,
				B3E634672974B4A80008F693 /* Frameworks */,
				B3E634682974B4A80008F693 /* Resources */,
			);
			buildRules = (
			);
			dependencies = (
			);
			name = TwitterFeelings;
			productName = TwitterFeelings;
			productReference = B3E6346A2974B4A80008F693 /* TwitterFeelings.app */;
			productType = "com.apple.product-type.application";
		};
/* End PBXNativeTarget section */

/* Begin PBXProject section */
		B3E634622974B4A80008F693 /* Project object */ = {
			isa = PBXProject;
			attributes = {
				BuildIndependentTargetsInParallel = 1;
				LastSwiftUpdateCheck = 1420;
				LastUpgradeCheck = 1420;
				TargetAttributes = {
					B3E634692974B4A80008F693 = {
						CreatedOnToolsVersion = 14.2;
					};
				};
			};
			buildConfigurationList = B3E634652974B4A80008F693 /* Build configuration list for PBXProject "TwitterFeelings" */;
			compatibilityVersion = "Xcode 14.0";
			developmentRegion = en;
			hasScannedForEncodings = 0;
			knownRegions = (
				en,
				Base,
			);
			mainGroup = B3E634612974B4A80008F693;
			productRefGroup = B3E6346B2974B4A80008F693 /* Products */;
			projectDirPath = "";
			projectRoot = "";
			targets = (
				B3E634692974B4A80008F693 /* TwitterFeelings */,
			);
		};
/* End PBXProject section */

/* Begin PBXResourcesBuildPhase section */
		B3E634682974B4A80008F693 /* Resources */ = {
			isa = PBXResourcesBuildPhase;
			buildActionMask = 2147483647;
			files = (
				B3E6347A2974B4A90008F693 /* LaunchScreen.storyboard in Resources */,
				B3E634772974B4A90008F693 /* Assets.xcassets in Resources */,
				B3E634752974B4A80008F693 /* Main.storyboard in Resources */,
			);
			runOnlyForDeploymentPostprocessing = 0;
		};
/* End PBXResourcesBuildPhase section */

/* Begin PBXSourcesBuildPhase section */
		B3E634662974B4A80008F693 /* Sources */ = {
			isa = PBXSourcesBuildPhase;
			buildActionMask = 2147483647;
			files = (
				B3E634722974B4A80008F693 /* ViewController.swift in Sources */,
				B3E6346E2974B4A80008F693 /* AppDelegate.swift in Sources */,
				B3E634702974B4A80008F693 /* SceneDelegate.swift in Sources */,
				B3E45A712974C16000AB83E7 /* TwitterFeeling.mlmodel in Sources */,
			);
			runOnlyForDeploymentPostprocessing = 0;
		};
/* End PBXSourcesBuildPhase section */

/* Begin PBXVariantGroup section */
		B3E634732974B4A80008F693 /* Main.storyboard */ = {
			isa = PBXVariantGroup;
			children = (
				B3E634742974B4A80008F693 /* Base */,
			);
			name = Main.storyboard;
			sourceTree = "<group>";
		};
		B3E634782974B4A90008F693 /* LaunchScreen.storyboard */ = {
			isa = PBXVariantGroup;
			children = (
				B3E634792974B4A90008F693 /* Base */,
			);
			name = LaunchScreen.storyboard;
			sourceTree = "<group>";
		};
/* End PBXVariantGroup section */

/* Begin XCBuildConfiguration section */
		B3E6347C2974B4A90008F693 /* Debug */ = {
			isa = XCBuildConfiguration;
			buildSettings = {
				ALWAYS_SEARCH_USER_PATHS = NO;
				CLANG_ANALYZER_NONNULL = YES;
				CLANG_ANALYZER_NUMBER_OBJECT_CONVERSION = YES_AGGRESSIVE;
				CLANG_CXX_LANGUAGE_STANDARD = "gnu++20";
				CLANG_ENABLE_MODULES = YES;
				CLANG_ENABLE_OBJC_ARC = YES;
				CLANG_ENABLE_OBJC_WEAK = YES;
				CLANG_WARN_BLOCK_CAPTURE_AUTORELEASING = YES;
				CLANG_WARN_BOOL_CONVERSION = YES;
				CLANG_WARN_COMMA = YES;
				CLANG_WARN_CONSTANT_CONVERSION = YES;
				CLANG_WARN_DEPRECATED_OBJC_IMPLEMENTATIONS = YES;
				CLANG_WARN_DIRECT_OBJC_ISA_USAGE = YES_ERROR;
				CLANG_WARN_DOCUMENTATION_COMMENTS = YES;
				CLANG_WARN_EMPTY_BODY = YES;
				CLANG_WARN_ENUM_CONVERSION = YES;
				CLANG_WARN_INFINITE_RECURSION = YES;
				CLANG_WARN_INT_CONVERSION = YES;
				CLANG_WARN_NON_LITERAL_NULL_CONVERSION = YES;
				CLANG_WARN_OBJC_IMPLICIT_RETAIN_SELF = YES;
				CLANG_WARN_OBJC_LITERAL_CONVERSION = YES;
				CLANG_WARN_OBJC_ROOT_CLASS = YES_ERROR;
				CLANG_WARN_QUOTED_INCLUDE_IN_FRAMEWORK_HEADER = YES;
				CLANG_WARN_RANGE_LOOP_ANALYSIS = YES;
				CLANG_WARN_STRICT_PROTOTYPES = YES;
				CLANG_WARN_SUSPICIOUS_MOVE = YES;
				CLANG_WARN_UNGUARDED_AVAILABILITY = YES_AGGRESSIVE;
				CLANG_WARN_UNREACHABLE_CODE = YES;
				CLANG_WARN__DUPLICATE_METHOD_MATCH = YES;
				COPY_PHASE_STRIP = NO;
				DEBUG_INFORMATION_FORMAT = dwarf;
				ENABLE_STRICT_OBJC_MSGSEND = YES;
				ENABLE_TESTABILITY = YES;
				GCC_C_LANGUAGE_STANDARD = gnu11;
				GCC_DYNAMIC_NO_PIC = NO;
				GCC_NO_COMMON_BLOCKS = YES;
				GCC_OPTIMIZATION_LEVEL = 0;
				GCC_PREPROCESSOR_DEFINITIONS = (
					"DEBUG=1",
					"$(inherited)",
				);
				GCC_WARN_64_TO_32_BIT_CONVERSION = YES;
				GCC_WARN_ABOUT_RETURN_TYPE = YES_ERROR;
				GCC_WARN_UNDECLARED_SELECTOR = YES;
				GCC_WARN_UNINITIALIZED_AUTOS = YES_AGGRESSIVE;
				GCC_WARN_UNUSED_FUNCTION = YES;
				GCC_WARN_UNUSED_VARIABLE = YES;
				IPHONEOS_DEPLOYMENT_TARGET = 16.2;
				MTL_ENABLE_DEBUG_INFO = INCLUDE_SOURCE;
				MTL_FAST_MATH = YES;
				ONLY_ACTIVE_ARCH = YES;
				SDKROOT = iphoneos;
				SWIFT_ACTIVE_COMPILATION_CONDITIONS = DEBUG;
				SWIFT_OPTIMIZATION_LEVEL = "-Onone";
			};
			name = Debug;
		};
		B3E6347D2974B4A90008F693 /* Release */ = {
			isa = XCBuildConfiguration;
			buildSettings = {
				ALWAYS_SEARCH_USER_PATHS = NO;
				CLANG_ANALYZER_NONNULL = YES;
				CLANG_ANALYZER_NUMBER_OBJECT_CONVERSION = YES_AGGRESSIVE;
				CLANG_CXX_LANGUAGE_STANDARD = "gnu++20";
				CLANG_ENABLE_MODULES = YES;
				CLANG_ENABLE_OBJC_ARC = YES;
				CLANG_ENABLE_OBJC_WEAK = YES;
				CLANG_WARN_BLOCK_CAPTURE_AUTORELEASING = YES;
				CLANG_WARN_BOOL_CONVERSION = YES;
				CLANG_WARN_COMMA = YES;
				CLANG_WARN_CONSTANT_CONVERSION = YES;
				CLANG_WARN_DEPRECATED_OBJC_IMPLEMENTATIONS = YES;
				CLANG_WARN_DIRECT_OBJC_ISA_USAGE = YES_ERROR;
				CLANG_WARN_DOCUMENTATION_COMMENTS = YES;
				CLANG_WARN_EMPTY_BODY = YES;
				CLANG_WARN_ENUM_CONVERSION = YES;
				CLANG_WARN_INFINITE_RECURSION = YES;
				CLANG_WARN_INT_CONVERSION = YES;
				CLANG_WARN_NON_LITERAL_NULL_CONVERSION = YES;
				CLANG_WARN_OBJC_IMPLICIT_RETAIN_SELF = YES;
				CLANG_WARN_OBJC_LITERAL_CONVERSION = YES;
				CLANG_WARN_OBJC_ROOT_CLASS = YES_ERROR;
				CLANG_WARN_QUOTED_INCLUDE_IN_FRAMEWORK_HEADER = YES;
				CLANG_WARN_RANGE_LOOP_ANALYSIS = YES;
				CLANG_WARN_STRICT_PROTOTYPES = YES;
				CLANG_WARN_SUSPICIOUS_MOVE = YES;
				CLANG_WARN_UNGUARDED_AVAILABILITY = YES_AGGRESSIVE;
				CLANG_WARN_UNREACHABLE_CODE = YES;
				CLANG_WARN__DUPLICATE_METHOD_MATCH = YES;
				COPY_PHASE_STRIP = NO;
				DEBUG_INFORMATION_FORMAT = "dwarf-with-dsym";
				ENABLE_NS_ASSERTIONS = NO;
				ENABLE_STRICT_OBJC_MSGSEND = YES;
				GCC_C_LANGUAGE_STANDARD = gnu11;
				GCC_NO_COMMON_BLOCKS = YES;
				GCC_WARN_64_TO_32_BIT_CONVERSION = YES;
				GCC_WARN_ABOUT_RETURN_TYPE = YES_ERROR;
				GCC_WARN_UNDECLARED_SELECTOR = YES;
				GCC_WARN_UNINITIALIZED_AUTOS = YES_AGGRESSIVE;
				GCC_WARN_UNUSED_FUNCTION = YES;
				GCC_WARN_UNUSED_VARIABLE = YES;
				IPHONEOS_DEPLOYMENT_TARGET = 16.2;
				MTL_ENABLE_DEBUG_INFO = NO;
				MTL_FAST_MATH = YES;
				SDKROOT = iphoneos;
				SWIFT_COMPILATION_MODE = wholemodule;
				SWIFT_OPTIMIZATION_LEVEL = "-O";
				VALIDATE_PRODUCT = YES;
			};
			name = Release;
		};
		B3E6347F2974B4A90008F693 /* Debug */ = {
			isa = XCBuildConfiguration;
			buildSettings = {
				ASSETCATALOG_COMPILER_APPICON_NAME = AppIcon;
				ASSETCATALOG_COMPILER_GLOBAL_ACCENT_COLOR_NAME = AccentColor;
				CODE_SIGN_STYLE = Automatic;
				CURRENT_PROJECT_VERSION = 1;
				DEVELOPMENT_TEAM = DTR7V322S6;
				GENERATE_INFOPLIST_FILE = YES;
				INFOPLIST_FILE = TwitterFeelings/Info.plist;
				INFOPLIST_KEY_UIApplicationSupportsIndirectInputEvents = YES;
				INFOPLIST_KEY_UILaunchStoryboardName = LaunchScreen;
				INFOPLIST_KEY_UIMainStoryboardFile = Main;
				INFOPLIST_KEY_UISupportedInterfaceOrientations_iPad = "UIInterfaceOrientationPortrait UIInterfaceOrientationPortraitUpsideDown UIInterfaceOrientationLandscapeLeft UIInterfaceOrientationLandscapeRight";
				INFOPLIST_KEY_UISupportedInterfaceOrientations_iPhone = "UIInterfaceOrientationPortrait UIInterfaceOrientationLandscapeLeft UIInterfaceOrientationLandscapeRight";
				LD_RUNPATH_SEARCH_PATHS = (
					"$(inherited)",
					"@executable_path/Frameworks",
				);
				MARKETING_VERSION = 1.0;
				PRODUCT_BUNDLE_IDENTIFIER = com.corack.TwitterFeelings;
				PRODUCT_NAME = "$(TARGET_NAME)";
				SWIFT_EMIT_LOC_STRINGS = YES;
				SWIFT_VERSION = 5.0;
				TARGETED_DEVICE_FAMILY = "1,2";
			};
			name = Debug;
		};
		B3E634802974B4A90008F693 /* Release */ = {
			isa = XCBuildConfiguration;
			buildSettings = {
				ASSETCATALOG_COMPILER_APPICON_NAME = AppIcon;
				ASSETCATALOG_COMPILER_GLOBAL_ACCENT_COLOR_NAME = AccentColor;
				CODE_SIGN_STYLE = Automatic;
				CURRENT_PROJECT_VERSION = 1;
				DEVELOPMENT_TEAM = DTR7V322S6;
				GENERATE_INFOPLIST_FILE = YES;
				INFOPLIST_FILE = TwitterFeelings/Info.plist;
				INFOPLIST_KEY_UIApplicationSupportsIndirectInputEvents = YES;
				INFOPLIST_KEY_UILaunchStoryboardName = LaunchScreen;
				INFOPLIST_KEY_UIMainStoryboardFile = Main;
				INFOPLIST_KEY_UISupportedInterfaceOrientations_iPad = "UIInterfaceOrientationPortrait UIInterfaceOrientationPortraitUpsideDown UIInterfaceOrientationLandscapeLeft UIInterfaceOrientationLandscapeRight";
				INFOPLIST_KEY_UISupportedInterfaceOrientations_iPhone = "UIInterfaceOrientationPortrait UIInterfaceOrientationLandscapeLeft UIInterfaceOrientationLandscapeRight";
				LD_RUNPATH_SEARCH_PATHS = (
					"$(inherited)",
					"@executable_path/Frameworks",
				);
				MARKETING_VERSION = 1.0;
				PRODUCT_BUNDLE_IDENTIFIER = com.corack.TwitterFeelings;
				PRODUCT_NAME = "$(TARGET_NAME)";
				SWIFT_EMIT_LOC_STRINGS = YES;
				SWIFT_VERSION = 5.0;
				TARGETED_DEVICE_FAMILY = "1,2";
			};
			name = Release;
		};
/* End XCBuildConfiguration section */

/* Begin XCConfigurationList section */
		B3E634652974B4A80008F693 /* Build configuration list for PBXProject "TwitterFeelings" */ = {
			isa = XCConfigurationList;
			buildConfigurations = (
				B3E6347C2974B4A90008F693 /* Debug */,
				B3E6347D2974B4A90008F693 /* Release */,
			);
			defaultConfigurationIsVisible = 0;
			defaultConfigurationName = Release;
		};
		B3E6347E2974B4A90008F693 /* Build configuration list for PBXNativeTarget "TwitterFeelings" */ = {
			isa = XCConfigurationList;
			buildConfigurations = (
				B3E6347F2974B4A90008F693 /* Debug */,
				B3E634802974B4A90008F693 /* Release */,
			);
			defaultConfigurationIsVisible = 0;
			defaultConfigurationName = Release;
		};
/* End XCConfigurationList section */
	};
	rootObject = B3E634622974B4A80008F693 /* Project object */;
}
